
Microsoft Visual Studio Solution File, Format Version 12.00
# Visual Studio Version 16
VisualStudioVersion = 16.0.30413.136
MinimumVisualStudioVersion = 10.0.40219.1
Project("{FAE04EC0-301F-11D3-BF4B-00C04F79EFBC}") = "FANT2", "FANT2\FANT2.csproj", "{D87A58D1-C60B-4BB7-B1F6-BD13A8CC17FA}"
EndProject
Global
	GlobalSection(SolutionConfigurationPlatforms) = preSolution
		Debug|Any CPU = Debug|Any CPU
		Release|Any CPU = Release|Any CPU
	EndGlobalSection
	GlobalSection(ProjectConfigurationPlatforms) = postSolution
		{D87A58D1-C60B-4BB7-B1F6-BD13A8CC17FA}.Debug|Any CPU.ActiveCfg = Debug|Any CPU
		{D87A58D1-C60B-4BB7-B1F6-BD13A8CC17FA}.Debug|Any CPU.Build.0 = Debug|Any CPU
		{D87A58D1-C60B-4BB7-B1F6-BD13A8CC17FA}.Release|Any CPU.ActiveCfg = Release|Any CPU
		{D87A58D1-C60B-4BB7-B1F6-BD13A8CC17FA}.Release|Any CPU.Build.0 = Release|Any CPU
	EndGlobalSection
	GlobalSection(SolutionProperties) = preSolution
		HideSolutionNode = FALSE
	EndGlobalSection
	GlobalSection(ExtensibilityGlobals) = postSolution
		SolutionGuid = {22306628-D7F5-48AD-8198-80440DA6EF3A}
	EndGlobalSection
EndGlobal
